
Microsoft Visual Studio Solution File, Format Version 12.00
# Visual Studio 15
VisualStudioVersion = 15.0.26730.12
MinimumVisualStudioVersion = 10.0.40219.1
Project("{FAE04EC0-301F-11D3-BF4B-00C04F79EFBC}") = "StudentApplication", "StudentApplication\StudentApplication.csproj", "{57782C06-87C7-4248-BA91-A3AB7BC40C68}"
EndProject
Global
	GlobalSection(SolutionConfigurationPlatforms) = preSolution
		Debug|Any CPU = Debug|Any CPU
		Release|Any CPU = Release|Any CPU
	EndGlobalSection
	GlobalSection(ProjectConfigurationPlatforms) = postSolution
		{57782C06-87C7-4248-BA91-A3AB7BC40C68}.Debug|Any CPU.ActiveCfg = Debug|Any CPU
		{57782C06-87C7-4248-BA91-A3AB7BC40C68}.Debug|Any CPU.Build.0 = Debug|Any CPU
		{57782C06-87C7-4248-BA91-A3AB7BC40C68}.Release|Any CPU.ActiveCfg = Release|Any CPU
		{57782C06-87C7-4248-BA91-A3AB7BC40C68}.Release|Any CPU.Build.0 = Release|Any CPU
	EndGlobalSection
	GlobalSection(SolutionProperties) = preSolution
		HideSolutionNode = FALSE
	EndGlobalSection
	GlobalSection(ExtensibilityGlobals) = postSolution
		SolutionGuid = {20A93D69-57E0-4B8C-AC4C-E0907AE49660}
	EndGlobalSection
EndGlobal
